
Microsoft Visual Studio Solution File, Format Version 12.00
# Visual Studio Version 17
VisualStudioVersion = 17.11.35303.130
MinimumVisualStudioVersion = 10.0.40219.1
Project("{FAE04EC0-301F-11D3-BF4B-00C04F79EFBC}") = "Corte1", "Corte1\Corte1.csproj", "{5AD4B67F-381B-41CA-A1A4-8E1B4741791A}"
EndProject
Global
	GlobalSection(SolutionConfigurationPlatforms) = preSolution
		Debug|Any CPU = Debug|Any CPU
		Release|Any CPU = Release|Any CPU
	EndGlobalSection
	GlobalSection(ProjectConfigurationPlatforms) = postSolution
		{5AD4B67F-381B-41CA-A1A4-8E1B4741791A}.Debug|Any CPU.ActiveCfg = Debug|Any CPU
		{5AD4B67F-381B-41CA-A1A4-8E1B4741791A}.Debug|Any CPU.Build.0 = Debug|Any CPU
		{5AD4B67F-381B-41CA-A1A4-8E1B4741791A}.Release|Any CPU.ActiveCfg = Release|Any CPU
		{5AD4B67F-381B-41CA-A1A4-8E1B4741791A}.Release|Any CPU.Build.0 = Release|Any CPU
	EndGlobalSection
	GlobalSection(SolutionProperties) = preSolution
		HideSolutionNode = FALSE
	EndGlobalSection
	GlobalSection(ExtensibilityGlobals) = postSolution
		SolutionGuid = {75AB3F11-1884-4E3D-A456-190CBAD586EA}
	EndGlobalSection
EndGlobal
